
Microsoft Visual Studio Solution File, Format Version 12.00
# Visual Studio Version 16
VisualStudioVersion = 16.0.808.9
MinimumVisualStudioVersion = 10.0.40219.1
Project("{FAE04EC0-301F-11D3-BF4B-00C04F79EFBC}") = "InstaGrabb", "InstaGrabb.csproj", "{C8972FD2-6D57-45DE-BDF7-E2982CC80E80}"
EndProject
Global
	GlobalSection(SolutionConfigurationPlatforms) = preSolution
		Debug|Any CPU = Debug|Any CPU
		Release|Any CPU = Release|Any CPU
	EndGlobalSection
	GlobalSection(ProjectConfigurationPlatforms) = postSolution
		{C8972FD2-6D57-45DE-BDF7-E2982CC80E80}.Debug|Any CPU.ActiveCfg = Debug|Any CPU
		{C8972FD2-6D57-45DE-BDF7-E2982CC80E80}.Debug|Any CPU.Build.0 = Debug|Any CPU
		{C8972FD2-6D57-45DE-BDF7-E2982CC80E80}.Release|Any CPU.ActiveCfg = Release|Any CPU
		{C8972FD2-6D57-45DE-BDF7-E2982CC80E80}.Release|Any CPU.Build.0 = Release|Any CPU
	EndGlobalSection
	GlobalSection(SolutionProperties) = preSolution
		HideSolutionNode = FALSE
	EndGlobalSection
	GlobalSection(ExtensibilityGlobals) = postSolution
		SolutionGuid = {95E3578D-D831-4814-ACAD-5D0D2D388D17}
	EndGlobalSection
EndGlobal
